# THIS IS AN AUTOGENERATED FILE. DO NOT EDIT THIS FILE DIRECTLY.
# yarn lockfile v1


webextension-polyfill@^0.5.0:
  version "0.5.0"
  resolved "https://registry.yarnpkg.com/webextension-polyfill/-/webextension-polyfill-0.5.0.tgz#795e0bf6a2b8eadcdb6edaecd169e9228c747519"
  integrity sha512-aFrl38x43t1bTboX/paCT8I97+idzX/TY0+fuM52hrIkCpYfROEF9kSn0BXuEIi3J9LTYt2ZZKkhx9NB1qF3nA==
